# THIS IS AN AUTOGENERATED FILE. DO NOT EDIT THIS FILE DIRECTLY.
# yarn lockfile v1


react-hook-form@^7.17.1:
  version "7.17.1"
  resolved "https://registry.yarnpkg.com/react-hook-form/-/react-hook-form-7.17.1.tgz#dc257a5e34b3c353460ecdbbba5236e066cf80b1"
  integrity sha512-9nQ+qKFHFpnWzQHdDh6F4Egxa8iJkue1KU921F8qqeyUVbPPjgQZDXaQyNHABEYjRh0ndjTI24GDA+lwm2lQdg==
